
Microsoft Visual Studio Solution File, Format Version 12.00
# Visual Studio Version 16
VisualStudioVersion = 16.0.33027.164
MinimumVisualStudioVersion = 10.0.40219.1
Project("{8BC9CEB8-8B4A-11D0-8D11-00A0C91BC942}") = "Tema-16", "Tema-16\Tema-16.vcxproj", "{F28BBD28-FF74-4C25-8D59-191564AF1761}"
EndProject
Global
	GlobalSection(SolutionConfigurationPlatforms) = preSolution
		Debug|x64 = Debug|x64
		Debug|x86 = Debug|x86
		Release|x64 = Release|x64
		Release|x86 = Release|x86
	EndGlobalSection
	GlobalSection(ProjectConfigurationPlatforms) = postSolution
		{F28BBD28-FF74-4C25-8D59-191564AF1761}.Debug|x64.ActiveCfg = Debug|x64
		{F28BBD28-FF74-4C25-8D59-191564AF1761}.Debug|x64.Build.0 = Debug|x64
		{F28BBD28-FF74-4C25-8D59-191564AF1761}.Debug|x86.ActiveCfg = Debug|Win32
		{F28BBD28-FF74-4C25-8D59-191564AF1761}.Debug|x86.Build.0 = Debug|Win32
		{F28BBD28-FF74-4C25-8D59-191564AF1761}.Release|x64.ActiveCfg = Release|x64
		{F28BBD28-FF74-4C25-8D59-191564AF1761}.Release|x64.Build.0 = Release|x64
		{F28BBD28-FF74-4C25-8D59-191564AF1761}.Release|x86.ActiveCfg = Release|Win32
		{F28BBD28-FF74-4C25-8D59-191564AF1761}.Release|x86.Build.0 = Release|Win32
	EndGlobalSection
	GlobalSection(SolutionProperties) = preSolution
		HideSolutionNode = FALSE
	EndGlobalSection
	GlobalSection(ExtensibilityGlobals) = postSolution
		SolutionGuid = {4E316E4F-A999-4625-AA85-12659F1842F5}
	EndGlobalSection
EndGlobal
